{
  "version": 4,
  "terraform_version": "1.5.7",
  "serial": 1,
  "lineage": "810312a5-1ed7-9d1b-8898-53fa0ccfe6a5",
  "outputs": {},
  "resources": [
    {
      "mode": "managed",
      "type": "aws_iam_user",
      "name": "demouser",
      "provider": "provider[\"registry.terraform.io/hashicorp/aws\"]",
      "instances": [
        {
          "schema_version": 0,
          "attributes": {
            "arn": "arn:aws:iam::583984274472:user/patrick-demo-user",
            "force_destroy": false,
            "id": "patrick-demo-user",
            "name": "patrick-demo-user",
            "path": "/",
            "permissions_boundary": null,
            "tags": null,
            "tags_all": {},
            "unique_id": "AIDAYP6BM3QUFVUYVPOET"
          },
          "sensitive_attributes": [],
          "private": "bnVsbA=="
        }
      ]
    }
  ],
  "check_results": null
}
