{
  "version": 4,
  "terraform_version": "1.5.7",
  "serial": 4,
  "lineage": "bc2b1bbb-8194-09bc-b7f3-a20ae9d062fe",
  "outputs": {},
  "resources": [
    {
      "mode": "managed",
      "type": "aws_iam_user",
      "name": "lb",
      "provider": "provider[\"registry.terraform.io/hashicorp/aws\"]",
      "instances": [
        {
          "index_key": 0,
          "schema_version": 0,
          "attributes": {
            "arn": "arn:aws:iam::583984274472:user/system/dev-loadbalancer",
            "force_destroy": false,
            "id": "dev-loadbalancer",
            "name": "dev-loadbalancer",
            "path": "/system/",
            "permissions_boundary": null,
            "tags": null,
            "tags_all": {},
            "unique_id": "AIDAYP6BM3QUIGX6ICIP2"
          },
          "sensitive_attributes": [],
          "private": "bnVsbA=="
        },
        {
          "index_key": 1,
          "schema_version": 0,
          "attributes": {
            "arn": "arn:aws:iam::583984274472:user/system/stage-loadbalancer",
            "force_destroy": false,
            "id": "stage-loadbalancer",
            "name": "stage-loadbalancer",
            "path": "/system/",
            "permissions_boundary": null,
            "tags": null,
            "tags_all": {},
            "unique_id": "AIDAYP6BM3QUH2WM2FN65"
          },
          "sensitive_attributes": [],
          "private": "bnVsbA=="
        },
        {
          "index_key": 2,
          "schema_version": 0,
          "attributes": {
            "arn": "arn:aws:iam::583984274472:user/system/prod-loadbalancer",
            "force_destroy": false,
            "id": "prod-loadbalancer",
            "name": "prod-loadbalancer",
            "path": "/system/",
            "permissions_boundary": null,
            "tags": null,
            "tags_all": {},
            "unique_id": "AIDAYP6BM3QUIQCK7LCMU"
          },
          "sensitive_attributes": [],
          "private": "bnVsbA=="
        }
      ]
    }
  ],
  "check_results": null
}
